
Microsoft Visual Studio Solution File, Format Version 12.00
# Visual Studio Version 17
VisualStudioVersion = 17.11.35327.3
MinimumVisualStudioVersion = 10.0.40219.1
Project("{2150E333-8FDC-42A3-9474-1A3956D46DE8}") = "Çözüm Öğeleri", "Çözüm Öğeleri", "{82A97F2E-E301-40AD-8C1D-DB29BABA17A8}"
	ProjectSection(SolutionItems) = preProject
		Readme.md = Readme.md
	EndProjectSection
EndProject
Project("{FAE04EC0-301F-11D3-BF4B-00C04F79EFBC}") = "Soru_1", "Soru_1\Soru_1.csproj", "{6982791E-D7CB-4C85-A29E-CF10C366037D}"
EndProject
Project("{FAE04EC0-301F-11D3-BF4B-00C04F79EFBC}") = "Soru_2", "Soru_2\Soru_2.csproj", "{49262310-1AE1-482C-8FAC-6BE9CD59CD77}"
EndProject
Project("{FAE04EC0-301F-11D3-BF4B-00C04F79EFBC}") = "Soru_3", "Soru_3\Soru_3.csproj", "{44C367E9-EF02-4A72-81EA-E0AE56AE42E2}"
EndProject
Project("{FAE04EC0-301F-11D3-BF4B-00C04F79EFBC}") = "Soru_4", "Soru_4\Soru_4.csproj", "{08970CE7-3D1E-4A85-A8B8-50D4D183B44B}"
EndProject
Project("{FAE04EC0-301F-11D3-BF4B-00C04F79EFBC}") = "Soru_5", "Soru_5\Soru_5.csproj", "{16387305-441A-4267-96E4-9BD3BEECDD54}"
EndProject
Project("{FAE04EC0-301F-11D3-BF4B-00C04F79EFBC}") = "Soru_6", "Soru_6\Soru_6.csproj", "{35B5BBF9-4DF9-462D-ABEF-72F153926246}"
EndProject
Project("{FAE04EC0-301F-11D3-BF4B-00C04F79EFBC}") = "Soru_7", "Soru_7\Soru_7.csproj", "{CBC2BE91-9564-4087-AE40-AB68A312C950}"
EndProject
Project("{FAE04EC0-301F-11D3-BF4B-00C04F79EFBC}") = "Soru_8", "Soru_8\Soru_8.csproj", "{A2228919-53DF-44A7-92DA-4467862C1D2B}"
EndProject
Project("{FAE04EC0-301F-11D3-BF4B-00C04F79EFBC}") = "Soru_9", "Soru_9\Soru_9.csproj", "{4EE2FDA9-866F-4FA9-8AC7-11766ADC3C3B}"
EndProject
Project("{FAE04EC0-301F-11D3-BF4B-00C04F79EFBC}") = "Soru_10", "Soru_10\Soru_10.csproj", "{ADC653F3-B262-4B3B-A07E-0B051D972E0D}"
EndProject
Project("{FAE04EC0-301F-11D3-BF4B-00C04F79EFBC}") = "Soru_11", "Soru_11\Soru_11.csproj", "{79DB7286-E741-4306-A561-B31D274D9D32}"
EndProject
Project("{FAE04EC0-301F-11D3-BF4B-00C04F79EFBC}") = "Soru_12", "Soru_12\Soru_12.csproj", "{2087F787-A613-4772-9271-28BBB93BA7E9}"
EndProject
Project("{FAE04EC0-301F-11D3-BF4B-00C04F79EFBC}") = "Soru_14", "Soru_14\Soru_14.csproj", "{E75A0603-50D7-4BED-BE7E-F48F9EA89393}"
EndProject
Project("{FAE04EC0-301F-11D3-BF4B-00C04F79EFBC}") = "Soru_15", "Soru_15\Soru_15.csproj", "{112E9410-CFF2-4333-8A9A-FA5BA6CC0F18}"
EndProject
Project("{FAE04EC0-301F-11D3-BF4B-00C04F79EFBC}") = "Soru_16", "Soru_16\Soru_16.csproj", "{B6F43E0E-3ABD-4E39-AA64-24BC53529674}"
EndProject
Project("{FAE04EC0-301F-11D3-BF4B-00C04F79EFBC}") = "Soru_17", "Soru_17\Soru_17.csproj", "{3C562942-C79B-4A79-8E23-71B068F240C1}"
EndProject
Project("{FAE04EC0-301F-11D3-BF4B-00C04F79EFBC}") = "Soru_18", "Soru_18\Soru_18.csproj", "{866F4659-58BE-428B-B9AF-012F269546B5}"
EndProject
Project("{FAE04EC0-301F-11D3-BF4B-00C04F79EFBC}") = "Soru_13", "Soru_13\Soru_13.csproj", "{E5116D8B-17FA-42CE-B9D8-0E866A797CAD}"
EndProject
Global
	GlobalSection(SolutionConfigurationPlatforms) = preSolution
		Debug|Any CPU = Debug|Any CPU
		Release|Any CPU = Release|Any CPU
	EndGlobalSection
	GlobalSection(ProjectConfigurationPlatforms) = postSolution
		{6982791E-D7CB-4C85-A29E-CF10C366037D}.Debug|Any CPU.ActiveCfg = Debug|Any CPU
		{6982791E-D7CB-4C85-A29E-CF10C366037D}.Debug|Any CPU.Build.0 = Debug|Any CPU
		{6982791E-D7CB-4C85-A29E-CF10C366037D}.Release|Any CPU.ActiveCfg = Release|Any CPU
		{6982791E-D7CB-4C85-A29E-CF10C366037D}.Release|Any CPU.Build.0 = Release|Any CPU
		{49262310-1AE1-482C-8FAC-6BE9CD59CD77}.Debug|Any CPU.ActiveCfg = Debug|Any CPU
		{49262310-1AE1-482C-8FAC-6BE9CD59CD77}.Debug|Any CPU.Build.0 = Debug|Any CPU
		{49262310-1AE1-482C-8FAC-6BE9CD59CD77}.Release|Any CPU.ActiveCfg = Release|Any CPU
		{49262310-1AE1-482C-8FAC-6BE9CD59CD77}.Release|Any CPU.Build.0 = Release|Any CPU
		{44C367E9-EF02-4A72-81EA-E0AE56AE42E2}.Debug|Any CPU.ActiveCfg = Debug|Any CPU
		{44C367E9-EF02-4A72-81EA-E0AE56AE42E2}.Debug|Any CPU.Build.0 = Debug|Any CPU
		{44C367E9-EF02-4A72-81EA-E0AE56AE42E2}.Release|Any CPU.ActiveCfg = Release|Any CPU
		{44C367E9-EF02-4A72-81EA-E0AE56AE42E2}.Release|Any CPU.Build.0 = Release|Any CPU
		{08970CE7-3D1E-4A85-A8B8-50D4D183B44B}.Debug|Any CPU.ActiveCfg = Debug|Any CPU
		{08970CE7-3D1E-4A85-A8B8-50D4D183B44B}.Debug|Any CPU.Build.0 = Debug|Any CPU
		{08970CE7-3D1E-4A85-A8B8-50D4D183B44B}.Release|Any CPU.ActiveCfg = Release|Any CPU
		{08970CE7-3D1E-4A85-A8B8-50D4D183B44B}.Release|Any CPU.Build.0 = Release|Any CPU
		{16387305-441A-4267-96E4-9BD3BEECDD54}.Debug|Any CPU.ActiveCfg = Debug|Any CPU
		{16387305-441A-4267-96E4-9BD3BEECDD54}.Debug|Any CPU.Build.0 = Debug|Any CPU
		{16387305-441A-4267-96E4-9BD3BEECDD54}.Release|Any CPU.ActiveCfg = Release|Any CPU
		{16387305-441A-4267-96E4-9BD3BEECDD54}.Release|Any CPU.Build.0 = Release|Any CPU
		{35B5BBF9-4DF9-462D-ABEF-72F153926246}.Debug|Any CPU.ActiveCfg = Debug|Any CPU
		{35B5BBF9-4DF9-462D-ABEF-72F153926246}.Debug|Any CPU.Build.0 = Debug|Any CPU
		{35B5BBF9-4DF9-462D-ABEF-72F153926246}.Release|Any CPU.ActiveCfg = Release|Any CPU
		{35B5BBF9-4DF9-462D-ABEF-72F153926246}.Release|Any CPU.Build.0 = Release|Any CPU
		{CBC2BE91-9564-4087-AE40-AB68A312C950}.Debug|Any CPU.ActiveCfg = Debug|Any CPU
		{CBC2BE91-9564-4087-AE40-AB68A312C950}.Debug|Any CPU.Build.0 = Debug|Any CPU
		{CBC2BE91-9564-4087-AE40-AB68A312C950}.Release|Any CPU.ActiveCfg = Release|Any CPU
		{CBC2BE91-9564-4087-AE40-AB68A312C950}.Release|Any CPU.Build.0 = Release|Any CPU
		{A2228919-53DF-44A7-92DA-4467862C1D2B}.Debug|Any CPU.ActiveCfg = Debug|Any CPU
		{A2228919-53DF-44A7-92DA-4467862C1D2B}.Debug|Any CPU.Build.0 = Debug|Any CPU
		{A2228919-53DF-44A7-92DA-4467862C1D2B}.Release|Any CPU.ActiveCfg = Release|Any CPU
		{A2228919-53DF-44A7-92DA-4467862C1D2B}.Release|Any CPU.Build.0 = Release|Any CPU
		{4EE2FDA9-866F-4FA9-8AC7-11766ADC3C3B}.Debug|Any CPU.ActiveCfg = Debug|Any CPU
		{4EE2FDA9-866F-4FA9-8AC7-11766ADC3C3B}.Debug|Any CPU.Build.0 = Debug|Any CPU
		{4EE2FDA9-866F-4FA9-8AC7-11766ADC3C3B}.Release|Any CPU.ActiveCfg = Release|Any CPU
		{4EE2FDA9-866F-4FA9-8AC7-11766ADC3C3B}.Release|Any CPU.Build.0 = Release|Any CPU
		{ADC653F3-B262-4B3B-A07E-0B051D972E0D}.Debug|Any CPU.ActiveCfg = Debug|Any CPU
		{ADC653F3-B262-4B3B-A07E-0B051D972E0D}.Debug|Any CPU.Build.0 = Debug|Any CPU
		{ADC653F3-B262-4B3B-A07E-0B051D972E0D}.Release|Any CPU.ActiveCfg = Release|Any CPU
		{ADC653F3-B262-4B3B-A07E-0B051D972E0D}.Release|Any CPU.Build.0 = Release|Any CPU
		{79DB7286-E741-4306-A561-B31D274D9D32}.Debug|Any CPU.ActiveCfg = Debug|Any CPU
		{79DB7286-E741-4306-A561-B31D274D9D32}.Debug|Any CPU.Build.0 = Debug|Any CPU
		{79DB7286-E741-4306-A561-B31D274D9D32}.Release|Any CPU.ActiveCfg = Release|Any CPU
		{79DB7286-E741-4306-A561-B31D274D9D32}.Release|Any CPU.Build.0 = Release|Any CPU
		{2087F787-A613-4772-9271-28BBB93BA7E9}.Debug|Any CPU.ActiveCfg = Debug|Any CPU
		{2087F787-A613-4772-9271-28BBB93BA7E9}.Debug|Any CPU.Build.0 = Debug|Any CPU
		{2087F787-A613-4772-9271-28BBB93BA7E9}.Release|Any CPU.ActiveCfg = Release|Any CPU
		{2087F787-A613-4772-9271-28BBB93BA7E9}.Release|Any CPU.Build.0 = Release|Any CPU
		{E75A0603-50D7-4BED-BE7E-F48F9EA89393}.Debug|Any CPU.ActiveCfg = Debug|Any CPU
		{E75A0603-50D7-4BED-BE7E-F48F9EA89393}.Debug|Any CPU.Build.0 = Debug|Any CPU
		{E75A0603-50D7-4BED-BE7E-F48F9EA89393}.Release|Any CPU.ActiveCfg = Release|Any CPU
		{E75A0603-50D7-4BED-BE7E-F48F9EA89393}.Release|Any CPU.Build.0 = Release|Any CPU
		{112E9410-CFF2-4333-8A9A-FA5BA6CC0F18}.Debug|Any CPU.ActiveCfg = Debug|Any CPU
		{112E9410-CFF2-4333-8A9A-FA5BA6CC0F18}.Debug|Any CPU.Build.0 = Debug|Any CPU
		{112E9410-CFF2-4333-8A9A-FA5BA6CC0F18}.Release|Any CPU.ActiveCfg = Release|Any CPU
		{112E9410-CFF2-4333-8A9A-FA5BA6CC0F18}.Release|Any CPU.Build.0 = Release|Any CPU
		{B6F43E0E-3ABD-4E39-AA64-24BC53529674}.Debug|Any CPU.ActiveCfg = Debug|Any CPU
		{B6F43E0E-3ABD-4E39-AA64-24BC53529674}.Debug|Any CPU.Build.0 = Debug|Any CPU
		{B6F43E0E-3ABD-4E39-AA64-24BC53529674}.Release|Any CPU.ActiveCfg = Release|Any CPU
		{B6F43E0E-3ABD-4E39-AA64-24BC53529674}.Release|Any CPU.Build.0 = Release|Any CPU
		{3C562942-C79B-4A79-8E23-71B068F240C1}.Debug|Any CPU.ActiveCfg = Debug|Any CPU
		{3C562942-C79B-4A79-8E23-71B068F240C1}.Debug|Any CPU.Build.0 = Debug|Any CPU
		{3C562942-C79B-4A79-8E23-71B068F240C1}.Release|Any CPU.ActiveCfg = Release|Any CPU
		{3C562942-C79B-4A79-8E23-71B068F240C1}.Release|Any CPU.Build.0 = Release|Any CPU
		{866F4659-58BE-428B-B9AF-012F269546B5}.Debug|Any CPU.ActiveCfg = Debug|Any CPU
		{866F4659-58BE-428B-B9AF-012F269546B5}.Debug|Any CPU.Build.0 = Debug|Any CPU
		{866F4659-58BE-428B-B9AF-012F269546B5}.Release|Any CPU.ActiveCfg = Release|Any CPU
		{866F4659-58BE-428B-B9AF-012F269546B5}.Release|Any CPU.Build.0 = Release|Any CPU
		{E5116D8B-17FA-42CE-B9D8-0E866A797CAD}.Debug|Any CPU.ActiveCfg = Debug|Any CPU
		{E5116D8B-17FA-42CE-B9D8-0E866A797CAD}.Debug|Any CPU.Build.0 = Debug|Any CPU
		{E5116D8B-17FA-42CE-B9D8-0E866A797CAD}.Release|Any CPU.ActiveCfg = Release|Any CPU
		{E5116D8B-17FA-42CE-B9D8-0E866A797CAD}.Release|Any CPU.Build.0 = Release|Any CPU
	EndGlobalSection
	GlobalSection(SolutionProperties) = preSolution
		HideSolutionNode = FALSE
	EndGlobalSection
	GlobalSection(ExtensibilityGlobals) = postSolution
		SolutionGuid = {C188380C-7DC3-4FF4-BF52-F53C560D11A0}
	EndGlobalSection
EndGlobal
